// !$*UTF8*$!
{
	archiveVersion = 1;
	classes = {
	};
	objectVersion = 46;
	objects = {

/* Begin PBXBuildFile section */
		691EE69B1F06CF660028D623 /* AccountKit.framework in Frameworks */ = {isa = PBXBuildFile; fileRef = 691EE6991F06CF660028D623 /* AccountKit.framework */; };
		691EE69C1F06CF660028D623 /* AccountKitStrings.bundle in Resources */ = {isa = PBXBuildFile; fileRef = 691EE69A1F06CF660028D623 /* AccountKitStrings.bundle */; };
		691EE69E1F06CFE80028D623 /* LoginViewController.swift in Sources */ = {isa = PBXBuildFile; fileRef = 691EE69D1F06CFE80028D623 /* LoginViewController.swift */; };
		6925B5C51F0DA6FE0036E9BD /* ReviewViewController.swift in Sources */ = {isa = PBXBuildFile; fileRef = 6925B5C41F0DA6FE0036E9BD /* ReviewViewController.swift */; };
		69AC3DF81F02FD02002A7208 /* ProviderViewController.swift in Sources */ = {isa = PBXBuildFile; fileRef = 69AC3DF71F02FD02002A7208 /* ProviderViewController.swift */; };
		69AC3DFA1F0301E0002A7208 /* Models.swift in Sources */ = {isa = PBXBuildFile; fileRef = 69AC3DF91F0301E0002A7208 /* Models.swift */; };
		69C460261EF9A8F300CF2A39 /* GoogleService-Info.plist in Resources */ = {isa = PBXBuildFile; fileRef = 69C460251EF9A8F300CF2A39 /* GoogleService-Info.plist */; };
		69D99D471EF081EE00A3BE0E /* AppDelegate.swift in Sources */ = {isa = PBXBuildFile; fileRef = 69D99D461EF081EE00A3BE0E /* AppDelegate.swift */; };
		69D99D491EF081EE00A3BE0E /* SearchViewController.swift in Sources */ = {isa = PBXBuildFile; fileRef = 69D99D481EF081EE00A3BE0E /* SearchViewController.swift */; };
		69D99D4E1EF081EE00A3BE0E /* Main.storyboard in Resources */ = {isa = PBXBuildFile; fileRef = 69D99D4C1EF081EE00A3BE0E /* Main.storyboard */; };
		69D99D501EF081EE00A3BE0E /* Assets.xcassets in Resources */ = {isa = PBXBuildFile; fileRef = 69D99D4F1EF081EE00A3BE0E /* Assets.xcassets */; };
		69D99D531EF081EE00A3BE0E /* LaunchScreen.storyboard in Resources */ = {isa = PBXBuildFile; fileRef = 69D99D511EF081EE00A3BE0E /* LaunchScreen.storyboard */; };
		69D99D5E1EF081EE00A3BE0E /* AmpleTests.swift in Sources */ = {isa = PBXBuildFile; fileRef = 69D99D5D1EF081EE00A3BE0E /* AmpleTests.swift */; };
		69D99D6B1EF3079400A3BE0E /* CategoryViewController.swift in Sources */ = {isa = PBXBuildFile; fileRef = 69D99D6A1EF3079400A3BE0E /* CategoryViewController.swift */; };
		756331B6FEFA9913DD8095BF /* Pods_Ample.framework in Frameworks */ = {isa = PBXBuildFile; fileRef = 52DA1B30A9B4664A2827C368 /* Pods_Ample.framework */; };
		F260B841E4DBA0779C2A1C77 /* Pods_AmpleTests.framework in Frameworks */ = {isa = PBXBuildFile; fileRef = 4398C118AAA41A85E299153D /* Pods_AmpleTests.framework */; };
/* End PBXBuildFile section */

/* Begin PBXContainerItemProxy section */
		69D99D5A1EF081EE00A3BE0E /* PBXContainerItemProxy */ = {
			isa = PBXContainerItemProxy;
			containerPortal = 69D99D3B1EF081EE00A3BE0E /* Project object */;
			proxyType = 1;
			remoteGlobalIDString = 69D99D421EF081EE00A3BE0E;
			remoteInfo = Ample;
		};
/* End PBXContainerItemProxy section */

/* Begin PBXFileReference section */
		4398C118AAA41A85E299153D /* Pods_AmpleTests.framework */ = {isa = PBXFileReference; explicitFileType = wrapper.framework; includeInIndex = 0; path = Pods_AmpleTests.framework; sourceTree = BUILT_PRODUCTS_DIR; };
		52DA1B30A9B4664A2827C368 /* Pods_Ample.framework */ = {isa = PBXFileReference; explicitFileType = wrapper.framework; includeInIndex = 0; path = Pods_Ample.framework; sourceTree = BUILT_PRODUCTS_DIR; };
		68E10EE1CF433C2BF64F6259 /* Pods-Ample.release.xcconfig */ = {isa = PBXFileReference; includeInIndex = 1; lastKnownFileType = text.xcconfig; name = "Pods-Ample.release.xcconfig"; path = "Pods/Target Support Files/Pods-Ample/Pods-Ample.release.xcconfig"; sourceTree = "<group>"; };
		691EE6991F06CF660028D623 /* AccountKit.framework */ = {isa = PBXFileReference; lastKnownFileType = wrapper.framework; path = AccountKit.framework; sourceTree = "<group>"; };
		691EE69A1F06CF660028D623 /* AccountKitStrings.bundle */ = {isa = PBXFileReference; lastKnownFileType = "wrapper.plug-in"; path = AccountKitStrings.bundle; sourceTree = "<group>"; };
		691EE69D1F06CFE80028D623 /* LoginViewController.swift */ = {isa = PBXFileReference; fileEncoding = 4; lastKnownFileType = sourcecode.swift; path = LoginViewController.swift; sourceTree = "<group>"; };
		6925B5C41F0DA6FE0036E9BD /* ReviewViewController.swift */ = {isa = PBXFileReference; fileEncoding = 4; lastKnownFileType = sourcecode.swift; path = ReviewViewController.swift; sourceTree = "<group>"; };
		69AC3DF71F02FD02002A7208 /* ProviderViewController.swift */ = {isa = PBXFileReference; fileEncoding = 4; lastKnownFileType = sourcecode.swift; path = ProviderViewController.swift; sourceTree = "<group>"; };
		69AC3DF91F0301E0002A7208 /* Models.swift */ = {isa = PBXFileReference; fileEncoding = 4; lastKnownFileType = sourcecode.swift; path = Models.swift; sourceTree = "<group>"; };
		69C460251EF9A8F300CF2A39 /* GoogleService-Info.plist */ = {isa = PBXFileReference; fileEncoding = 4; lastKnownFileType = text.plist.xml; path = "GoogleService-Info.plist"; sourceTree = "<group>"; };
		69D99D431EF081EE00A3BE0E /* Ample.app */ = {isa = PBXFileReference; explicitFileType = wrapper.application; includeInIndex = 0; path = Ample.app; sourceTree = BUILT_PRODUCTS_DIR; };
		69D99D461EF081EE00A3BE0E /* AppDelegate.swift */ = {isa = PBXFileReference; lastKnownFileType = sourcecode.swift; path = AppDelegate.swift; sourceTree = "<group>"; };
		69D99D481EF081EE00A3BE0E /* SearchViewController.swift */ = {isa = PBXFileReference; lastKnownFileType = sourcecode.swift; path = SearchViewController.swift; sourceTree = "<group>"; };
		69D99D4D1EF081EE00A3BE0E /* Base */ = {isa = PBXFileReference; lastKnownFileType = file.storyboard; name = Base; path = Base.lproj/Main.storyboard; sourceTree = "<group>"; };
		69D99D4F1EF081EE00A3BE0E /* Assets.xcassets */ = {isa = PBXFileReference; lastKnownFileType = folder.assetcatalog; path = Assets.xcassets; sourceTree = "<group>"; };
		69D99D521EF081EE00A3BE0E /* Base */ = {isa = PBXFileReference; lastKnownFileType = file.storyboard; name = Base; path = Base.lproj/LaunchScreen.storyboard; sourceTree = "<group>"; };
		69D99D541EF081EE00A3BE0E /* Info.plist */ = {isa = PBXFileReference; lastKnownFileType = text.plist.xml; path = Info.plist; sourceTree = "<group>"; };
		69D99D591EF081EE00A3BE0E /* AmpleTests.xctest */ = {isa = PBXFileReference; explicitFileType = wrapper.cfbundle; includeInIndex = 0; path = AmpleTests.xctest; sourceTree = BUILT_PRODUCTS_DIR; };
		69D99D5D1EF081EE00A3BE0E /* AmpleTests.swift */ = {isa = PBXFileReference; lastKnownFileType = sourcecode.swift; path = AmpleTests.swift; sourceTree = "<group>"; };
		69D99D5F1EF081EF00A3BE0E /* Info.plist */ = {isa = PBXFileReference; lastKnownFileType = text.plist.xml; path = Info.plist; sourceTree = "<group>"; };
		69D99D6A1EF3079400A3BE0E /* CategoryViewController.swift */ = {isa = PBXFileReference; fileEncoding = 4; lastKnownFileType = sourcecode.swift; path = CategoryViewController.swift; sourceTree = "<group>"; };
		B316BA962A7993CAE7DACB74 /* Pods-AmpleTests.debug.xcconfig */ = {isa = PBXFileReference; includeInIndex = 1; lastKnownFileType = text.xcconfig; name = "Pods-AmpleTests.debug.xcconfig"; path = "Pods/Target Support Files/Pods-AmpleTests/Pods-AmpleTests.debug.xcconfig"; sourceTree = "<group>"; };
		D5014F71885E039BF4C9481E /* Pods-Ample.debug.xcconfig */ = {isa = PBXFileReference; includeInIndex = 1; lastKnownFileType = text.xcconfig; name = "Pods-Ample.debug.xcconfig"; path = "Pods/Target Support Files/Pods-Ample/Pods-Ample.debug.xcconfig"; sourceTree = "<group>"; };
		DFB9D0C3715FBD0C34755389 /* Pods-AmpleTests.release.xcconfig */ = {isa = PBXFileReference; includeInIndex = 1; lastKnownFileType = text.xcconfig; name = "Pods-AmpleTests.release.xcconfig"; path = "Pods/Target Support Files/Pods-AmpleTests/Pods-AmpleTests.release.xcconfig"; sourceTree = "<group>"; };
/* End PBXFileReference section */

/* Begin PBXFrameworksBuildPhase section */
		69D99D401EF081EE00A3BE0E /* Frameworks */ = {
			isa = PBXFrameworksBuildPhase;
			buildActionMask = 2147483647;
			files = (
				691EE69B1F06CF660028D623 /* AccountKit.framework in Frameworks */,
				756331B6FEFA9913DD8095BF /* Pods_Ample.framework in Frameworks */,
			);
			runOnlyForDeploymentPostprocessing = 0;
		};
		69D99D561EF081EE00A3BE0E /* Frameworks */ = {
			isa = PBXFrameworksBuildPhase;
			buildActionMask = 2147483647;
			files = (
				F260B841E4DBA0779C2A1C77 /* Pods_AmpleTests.framework in Frameworks */,
			);
			runOnlyForDeploymentPostprocessing = 0;
		};
/* End PBXFrameworksBuildPhase section */

/* Begin PBXGroup section */
		69D99D3A1EF081EE00A3BE0E = {
			isa = PBXGroup;
			children = (
				691EE6991F06CF660028D623 /* AccountKit.framework */,
				691EE69A1F06CF660028D623 /* AccountKitStrings.bundle */,
				69D99D451EF081EE00A3BE0E /* Ample */,
				69D99D5C1EF081EE00A3BE0E /* AmpleTests */,
				69D99D441EF081EE00A3BE0E /* Products */,
				9D9A67DAA93ABCF942184495 /* Pods */,
				9A289E44E5D754BAA5F92662 /* Frameworks */,
			);
			sourceTree = "<group>";
		};
		69D99D441EF081EE00A3BE0E /* Products */ = {
			isa = PBXGroup;
			children = (
				69D99D431EF081EE00A3BE0E /* Ample.app */,
				69D99D591EF081EE00A3BE0E /* AmpleTests.xctest */,
			);
			name = Products;
			sourceTree = "<group>";
		};
		69D99D451EF081EE00A3BE0E /* Ample */ = {
			isa = PBXGroup;
			children = (
				69D99D461EF081EE00A3BE0E /* AppDelegate.swift */,
				69D99D481EF081EE00A3BE0E /* SearchViewController.swift */,
				69D99D6A1EF3079400A3BE0E /* CategoryViewController.swift */,
				69AC3DF71F02FD02002A7208 /* ProviderViewController.swift */,
				691EE69D1F06CFE80028D623 /* LoginViewController.swift */,
				6925B5C41F0DA6FE0036E9BD /* ReviewViewController.swift */,
				69D99D4C1EF081EE00A3BE0E /* Main.storyboard */,
				69D99D4F1EF081EE00A3BE0E /* Assets.xcassets */,
				69D99D511EF081EE00A3BE0E /* LaunchScreen.storyboard */,
				69C460251EF9A8F300CF2A39 /* GoogleService-Info.plist */,
				69D99D541EF081EE00A3BE0E /* Info.plist */,
				69AC3DF91F0301E0002A7208 /* Models.swift */,
			);
			path = Ample;
			sourceTree = "<group>";
		};
		69D99D5C1EF081EE00A3BE0E /* AmpleTests */ = {
			isa = PBXGroup;
			children = (
				69D99D5D1EF081EE00A3BE0E /* AmpleTests.swift */,
				69D99D5F1EF081EF00A3BE0E /* Info.plist */,
			);
			path = AmpleTests;
			sourceTree = "<group>";
		};
		9A289E44E5D754BAA5F92662 /* Frameworks */ = {
			isa = PBXGroup;
			children = (
				52DA1B30A9B4664A2827C368 /* Pods_Ample.framework */,
				4398C118AAA41A85E299153D /* Pods_AmpleTests.framework */,
			);
			name = Frameworks;
			sourceTree = "<group>";
		};
		9D9A67DAA93ABCF942184495 /* Pods */ = {
			isa = PBXGroup;
			children = (
				D5014F71885E039BF4C9481E /* Pods-Ample.debug.xcconfig */,
				68E10EE1CF433C2BF64F6259 /* Pods-Ample.release.xcconfig */,
				B316BA962A7993CAE7DACB74 /* Pods-AmpleTests.debug.xcconfig */,
				DFB9D0C3715FBD0C34755389 /* Pods-AmpleTests.release.xcconfig */,
			);
			name = Pods;
			sourceTree = "<group>";
		};
/* End PBXGroup section */

/* Begin PBXNativeTarget section */
		69D99D421EF081EE00A3BE0E /* Ample */ = {
			isa = PBXNativeTarget;
			buildConfigurationList = 69D99D621EF081EF00A3BE0E /* Build configuration list for PBXNativeTarget "Ample" */;
			buildPhases = (
				182F63501285E54C6CE24730 /* [CP] Check Pods Manifest.lock */,
				69D99D3F1EF081EE00A3BE0E /* Sources */,
				69D99D401EF081EE00A3BE0E /* Frameworks */,
				69D99D411EF081EE00A3BE0E /* Resources */,
				D42938060413B8D96DF9CD6A /* [CP] Embed Pods Frameworks */,
				C9E5137A6D3135E0D235E172 /* [CP] Copy Pods Resources */,
			);
			buildRules = (
			);
			dependencies = (
			);
			name = Ample;
			productName = Ample;
			productReference = 69D99D431EF081EE00A3BE0E /* Ample.app */;
			productType = "com.apple.product-type.application";
		};
		69D99D581EF081EE00A3BE0E /* AmpleTests */ = {
			isa = PBXNativeTarget;
			buildConfigurationList = 69D99D651EF081EF00A3BE0E /* Build configuration list for PBXNativeTarget "AmpleTests" */;
			buildPhases = (
				9D891DC60FE8C1D715BB479E /* [CP] Check Pods Manifest.lock */,
				69D99D551EF081EE00A3BE0E /* Sources */,
				69D99D561EF081EE00A3BE0E /* Frameworks */,
				69D99D571EF081EE00A3BE0E /* Resources */,
				52FE06861BF0D095FABFAF36 /* [CP] Embed Pods Frameworks */,
				6BAF26B6FB6CF006F4EEF3AC /* [CP] Copy Pods Resources */,
			);
			buildRules = (
			);
			dependencies = (
				69D99D5B1EF081EE00A3BE0E /* PBXTargetDependency */,
			);
			name = AmpleTests;
			productName = AmpleTests;
			productReference = 69D99D591EF081EE00A3BE0E /* AmpleTests.xctest */;
			productType = "com.apple.product-type.bundle.unit-test";
		};
/* End PBXNativeTarget section */

/* Begin PBXProject section */
		69D99D3B1EF081EE00A3BE0E /* Project object */ = {
			isa = PBXProject;
			attributes = {
				LastSwiftUpdateCheck = 0820;
				LastUpgradeCheck = 0820;
				ORGANIZATIONNAME = "Alissa sobo";
				TargetAttributes = {
					69D99D421EF081EE00A3BE0E = {
						CreatedOnToolsVersion = 8.2.1;
						ProvisioningStyle = Automatic;
					};
					69D99D581EF081EE00A3BE0E = {
						CreatedOnToolsVersion = 8.2.1;
						ProvisioningStyle = Automatic;
						TestTargetID = 69D99D421EF081EE00A3BE0E;
					};
				};
			};
			buildConfigurationList = 69D99D3E1EF081EE00A3BE0E /* Build configuration list for PBXProject "Ample" */;
			compatibilityVersion = "Xcode 3.2";
			developmentRegion = English;
			hasScannedForEncodings = 0;
			knownRegions = (
				en,
				Base,
			);
			mainGroup = 69D99D3A1EF081EE00A3BE0E;
			productRefGroup = 69D99D441EF081EE00A3BE0E /* Products */;
			projectDirPath = "";
			projectRoot = "";
			targets = (
				69D99D421EF081EE00A3BE0E /* Ample */,
				69D99D581EF081EE00A3BE0E /* AmpleTests */,
			);
		};
/* End PBXProject section */

/* Begin PBXResourcesBuildPhase section */
		69D99D411EF081EE00A3BE0E /* Resources */ = {
			isa = PBXResourcesBuildPhase;
			buildActionMask = 2147483647;
			files = (
				69D99D531EF081EE00A3BE0E /* LaunchScreen.storyboard in Resources */,
				69C460261EF9A8F300CF2A39 /* GoogleService-Info.plist in Resources */,
				691EE69C1F06CF660028D623 /* AccountKitStrings.bundle in Resources */,
				69D99D501EF081EE00A3BE0E /* Assets.xcassets in Resources */,
				69D99D4E1EF081EE00A3BE0E /* Main.storyboard in Resources */,
			);
			runOnlyForDeploymentPostprocessing = 0;
		};
		69D99D571EF081EE00A3BE0E /* Resources */ = {
			isa = PBXResourcesBuildPhase;
			buildActionMask = 2147483647;
			files = (
			);
			runOnlyForDeploymentPostprocessing = 0;
		};
/* End PBXResourcesBuildPhase section */

/* Begin PBXShellScriptBuildPhase section */
		182F63501285E54C6CE24730 /* [CP] Check Pods Manifest.lock */ = {
			isa = PBXShellScriptBuildPhase;
			buildActionMask = 2147483647;
			files = (
			);
			inputPaths = (
			);
			name = "[CP] Check Pods Manifest.lock";
			outputPaths = (
			);
			runOnlyForDeploymentPostprocessing = 0;
			shellPath = /bin/sh;
			shellScript = "diff \"${PODS_PODFILE_DIR_PATH}/Podfile.lock\" \"${PODS_ROOT}/Manifest.lock\" > /dev/null\nif [ $? != 0 ] ; then\n    # print error to STDERR\n    echo \"error: The sandbox is not in sync with the Podfile.lock. Run 'pod install' or update your CocoaPods installation.\" >&2\n    exit 1\nfi\n";
			showEnvVarsInLog = 0;
		};
		52FE06861BF0D095FABFAF36 /* [CP] Embed Pods Frameworks */ = {
			isa = PBXShellScriptBuildPhase;
			buildActionMask = 2147483647;
			files = (
			);
			inputPaths = (
			);
			name = "[CP] Embed Pods Frameworks";
			outputPaths = (
			);
			runOnlyForDeploymentPostprocessing = 0;
			shellPath = /bin/sh;
			shellScript = "\"${SRCROOT}/Pods/Target Support Files/Pods-AmpleTests/Pods-AmpleTests-frameworks.sh\"\n";
			showEnvVarsInLog = 0;
		};
		6BAF26B6FB6CF006F4EEF3AC /* [CP] Copy Pods Resources */ = {
			isa = PBXShellScriptBuildPhase;
			buildActionMask = 2147483647;
			files = (
			);
			inputPaths = (
			);
			name = "[CP] Copy Pods Resources";
			outputPaths = (
			);
			runOnlyForDeploymentPostprocessing = 0;
			shellPath = /bin/sh;
			shellScript = "\"${SRCROOT}/Pods/Target Support Files/Pods-AmpleTests/Pods-AmpleTests-resources.sh\"\n";
			showEnvVarsInLog = 0;
		};
		9D891DC60FE8C1D715BB479E /* [CP] Check Pods Manifest.lock */ = {
			isa = PBXShellScriptBuildPhase;
			buildActionMask = 2147483647;
			files = (
			);
			inputPaths = (
			);
			name = "[CP] Check Pods Manifest.lock";
			outputPaths = (
			);
			runOnlyForDeploymentPostprocessing = 0;
			shellPath = /bin/sh;
			shellScript = "diff \"${PODS_PODFILE_DIR_PATH}/Podfile.lock\" \"${PODS_ROOT}/Manifest.lock\" > /dev/null\nif [ $? != 0 ] ; then\n    # print error to STDERR\n    echo \"error: The sandbox is not in sync with the Podfile.lock. Run 'pod install' or update your CocoaPods installation.\" >&2\n    exit 1\nfi\n";
			showEnvVarsInLog = 0;
		};
		C9E5137A6D3135E0D235E172 /* [CP] Copy Pods Resources */ = {
			isa = PBXShellScriptBuildPhase;
			buildActionMask = 2147483647;
			files = (
			);
			inputPaths = (
			);
			name = "[CP] Copy Pods Resources";
			outputPaths = (
			);
			runOnlyForDeploymentPostprocessing = 0;
			shellPath = /bin/sh;
			shellScript = "\"${SRCROOT}/Pods/Target Support Files/Pods-Ample/Pods-Ample-resources.sh\"\n";
			showEnvVarsInLog = 0;
		};
		D42938060413B8D96DF9CD6A /* [CP] Embed Pods Frameworks */ = {
			isa = PBXShellScriptBuildPhase;
			buildActionMask = 2147483647;
			files = (
			);
			inputPaths = (
			);
			name = "[CP] Embed Pods Frameworks";
			outputPaths = (
			);
			runOnlyForDeploymentPostprocessing = 0;
			shellPath = /bin/sh;
			shellScript = "\"${SRCROOT}/Pods/Target Support Files/Pods-Ample/Pods-Ample-frameworks.sh\"\n";
			showEnvVarsInLog = 0;
		};
/* End PBXShellScriptBuildPhase section */

/* Begin PBXSourcesBuildPhase section */
		69D99D3F1EF081EE00A3BE0E /* Sources */ = {
			isa = PBXSourcesBuildPhase;
			buildActionMask = 2147483647;
			files = (
				691EE69E1F06CFE80028D623 /* LoginViewController.swift in Sources */,
				69D99D6B1EF3079400A3BE0E /* CategoryViewController.swift in Sources */,
				69D99D471EF081EE00A3BE0E /* AppDelegate.swift in Sources */,
				69AC3DFA1F0301E0002A7208 /* Models.swift in Sources */,
				69AC3DF81F02FD02002A7208 /* ProviderViewController.swift in Sources */,
				6925B5C51F0DA6FE0036E9BD /* ReviewViewController.swift in Sources */,
				69D99D491EF081EE00A3BE0E /* SearchViewController.swift in Sources */,
			);
			runOnlyForDeploymentPostprocessing = 0;
		};
		69D99D551EF081EE00A3BE0E /* Sources */ = {
			isa = PBXSourcesBuildPhase;
			buildActionMask = 2147483647;
			files = (
				69D99D5E1EF081EE00A3BE0E /* AmpleTests.swift in Sources */,
			);
			runOnlyForDeploymentPostprocessing = 0;
		};
/* End PBXSourcesBuildPhase section */

/* Begin PBXTargetDependency section */
		69D99D5B1EF081EE00A3BE0E /* PBXTargetDependency */ = {
			isa = PBXTargetDependency;
			target = 69D99D421EF081EE00A3BE0E /* Ample */;
			targetProxy = 69D99D5A1EF081EE00A3BE0E /* PBXContainerItemProxy */;
		};
/* End PBXTargetDependency section */

/* Begin PBXVariantGroup section */
		69D99D4C1EF081EE00A3BE0E /* Main.storyboard */ = {
			isa = PBXVariantGroup;
			children = (
				69D99D4D1EF081EE00A3BE0E /* Base */,
			);
			name = Main.storyboard;
			sourceTree = "<group>";
		};
		69D99D511EF081EE00A3BE0E /* LaunchScreen.storyboard */ = {
			isa = PBXVariantGroup;
			children = (
				69D99D521EF081EE00A3BE0E /* Base */,
			);
			name = LaunchScreen.storyboard;
			sourceTree = "<group>";
		};
/* End PBXVariantGroup section */

/* Begin XCBuildConfiguration section */
		69D99D601EF081EF00A3BE0E /* Debug */ = {
			isa = XCBuildConfiguration;
			buildSettings = {
				ALWAYS_SEARCH_USER_PATHS = NO;
				CLANG_ANALYZER_NONNULL = YES;
				CLANG_CXX_LANGUAGE_STANDARD = "gnu++0x";
				CLANG_CXX_LIBRARY = "libc++";
				CLANG_ENABLE_MODULES = YES;
				CLANG_ENABLE_OBJC_ARC = YES;
				CLANG_WARN_BOOL_CONVERSION = YES;
				CLANG_WARN_CONSTANT_CONVERSION = YES;
				CLANG_WARN_DIRECT_OBJC_ISA_USAGE = YES_ERROR;
				CLANG_WARN_DOCUMENTATION_COMMENTS = YES;
				CLANG_WARN_EMPTY_BODY = YES;
				CLANG_WARN_ENUM_CONVERSION = YES;
				CLANG_WARN_INFINITE_RECURSION = YES;
				CLANG_WARN_INT_CONVERSION = YES;
				CLANG_WARN_OBJC_ROOT_CLASS = YES_ERROR;
				CLANG_WARN_SUSPICIOUS_MOVE = YES;
				CLANG_WARN_UNREACHABLE_CODE = YES;
				CLANG_WARN__DUPLICATE_METHOD_MATCH = YES;
				"CODE_SIGN_IDENTITY[sdk=iphoneos*]" = "iPhone Developer";
				COPY_PHASE_STRIP = NO;
				DEBUG_INFORMATION_FORMAT = dwarf;
				ENABLE_STRICT_OBJC_MSGSEND = YES;
				ENABLE_TESTABILITY = YES;
				GCC_C_LANGUAGE_STANDARD = gnu99;
				GCC_DYNAMIC_NO_PIC = NO;
				GCC_NO_COMMON_BLOCKS = YES;
				GCC_OPTIMIZATION_LEVEL = 0;
				GCC_PREPROCESSOR_DEFINITIONS = (
					"DEBUG=1",
					"$(inherited)",
				);
				GCC_WARN_64_TO_32_BIT_CONVERSION = YES;
				GCC_WARN_ABOUT_RETURN_TYPE = YES_ERROR;
				GCC_WARN_UNDECLARED_SELECTOR = YES;
				GCC_WARN_UNINITIALIZED_AUTOS = YES_AGGRESSIVE;
				GCC_WARN_UNUSED_FUNCTION = YES;
				GCC_WARN_UNUSED_VARIABLE = YES;
				IPHONEOS_DEPLOYMENT_TARGET = 10.2;
				MTL_ENABLE_DEBUG_INFO = YES;
				ONLY_ACTIVE_ARCH = YES;
				SDKROOT = iphoneos;
				SWIFT_ACTIVE_COMPILATION_CONDITIONS = DEBUG;
				SWIFT_OPTIMIZATION_LEVEL = "-Onone";
				TARGETED_DEVICE_FAMILY = "1,2";
			};
			name = Debug;
		};
		69D99D611EF081EF00A3BE0E /* Release */ = {
			isa = XCBuildConfiguration;
			buildSettings = {
				ALWAYS_SEARCH_USER_PATHS = NO;
				CLANG_ANALYZER_NONNULL = YES;
				CLANG_CXX_LANGUAGE_STANDARD = "gnu++0x";
				CLANG_CXX_LIBRARY = "libc++";
				CLANG_ENABLE_MODULES = YES;
				CLANG_ENABLE_OBJC_ARC = YES;
				CLANG_WARN_BOOL_CONVERSION = YES;
				CLANG_WARN_CONSTANT_CONVERSION = YES;
				CLANG_WARN_DIRECT_OBJC_ISA_USAGE = YES_ERROR;
				CLANG_WARN_DOCUMENTATION_COMMENTS = YES;
				CLANG_WARN_EMPTY_BODY = YES;
				CLANG_WARN_ENUM_CONVERSION = YES;
				CLANG_WARN_INFINITE_RECURSION = YES;
				CLANG_WARN_INT_CONVERSION = YES;
				CLANG_WARN_OBJC_ROOT_CLASS = YES_ERROR;
				CLANG_WARN_SUSPICIOUS_MOVE = YES;
				CLANG_WARN_UNREACHABLE_CODE = YES;
				CLANG_WARN__DUPLICATE_METHOD_MATCH = YES;
				"CODE_SIGN_IDENTITY[sdk=iphoneos*]" = "iPhone Developer";
				COPY_PHASE_STRIP = NO;
				DEBUG_INFORMATION_FORMAT = "dwarf-with-dsym";
				ENABLE_NS_ASSERTIONS = NO;
				ENABLE_STRICT_OBJC_MSGSEND = YES;
				GCC_C_LANGUAGE_STANDARD = gnu99;
				GCC_NO_COMMON_BLOCKS = YES;
				GCC_WARN_64_TO_32_BIT_CONVERSION = YES;
				GCC_WARN_ABOUT_RETURN_TYPE = YES_ERROR;
				GCC_WARN_UNDECLARED_SELECTOR = YES;
				GCC_WARN_UNINITIALIZED_AUTOS = YES_AGGRESSIVE;
				GCC_WARN_UNUSED_FUNCTION = YES;
				GCC_WARN_UNUSED_VARIABLE = YES;
				IPHONEOS_DEPLOYMENT_TARGET = 10.2;
				MTL_ENABLE_DEBUG_INFO = NO;
				SDKROOT = iphoneos;
				SWIFT_OPTIMIZATION_LEVEL = "-Owholemodule";
				TARGETED_DEVICE_FAMILY = "1,2";
				VALIDATE_PRODUCT = YES;
			};
			name = Release;
		};
		69D99D631EF081EF00A3BE0E /* Debug */ = {
			isa = XCBuildConfiguration;
			baseConfigurationReference = D5014F71885E039BF4C9481E /* Pods-Ample.debug.xcconfig */;
			buildSettings = {
				ASSETCATALOG_COMPILER_APPICON_NAME = AppIcon;
				FRAMEWORK_SEARCH_PATHS = (
					"$(inherited)",
					"$(PROJECT_DIR)",
				);
				INFOPLIST_FILE = Ample/Info.plist;
				LD_RUNPATH_SEARCH_PATHS = "$(inherited) @executable_path/Frameworks";
				PRODUCT_BUNDLE_IDENTIFIER = Sobodacious.Ample;
				PRODUCT_NAME = "$(TARGET_NAME)";
				SWIFT_VERSION = 3.0;
			};
			name = Debug;
		};
		69D99D641EF081EF00A3BE0E /* Release */ = {
			isa = XCBuildConfiguration;
			baseConfigurationReference = 68E10EE1CF433C2BF64F6259 /* Pods-Ample.release.xcconfig */;
			buildSettings = {
				ASSETCATALOG_COMPILER_APPICON_NAME = AppIcon;
				FRAMEWORK_SEARCH_PATHS = (
					"$(inherited)",
					"$(PROJECT_DIR)",
				);
				INFOPLIST_FILE = Ample/Info.plist;
				LD_RUNPATH_SEARCH_PATHS = "$(inherited) @executable_path/Frameworks";
				PRODUCT_BUNDLE_IDENTIFIER = Sobodacious.Ample;
				PRODUCT_NAME = "$(TARGET_NAME)";
				SWIFT_VERSION = 3.0;
			};
			name = Release;
		};
		69D99D661EF081EF00A3BE0E /* Debug */ = {
			isa = XCBuildConfiguration;
			baseConfigurationReference = B316BA962A7993CAE7DACB74 /* Pods-AmpleTests.debug.xcconfig */;
			buildSettings = {
				ALWAYS_EMBED_SWIFT_STANDARD_LIBRARIES = YES;
				BUNDLE_LOADER = "$(TEST_HOST)";
				INFOPLIST_FILE = AmpleTests/Info.plist;
				LD_RUNPATH_SEARCH_PATHS = "$(inherited) @executable_path/Frameworks @loader_path/Frameworks";
				PRODUCT_BUNDLE_IDENTIFIER = Sobodacious.AmpleTests;
				PRODUCT_NAME = "$(TARGET_NAME)";
				SWIFT_VERSION = 3.0;
				TEST_HOST = "$(BUILT_PRODUCTS_DIR)/Ample.app/Ample";
			};
			name = Debug;
		};
		69D99D671EF081EF00A3BE0E /* Release */ = {
			isa = XCBuildConfiguration;
			baseConfigurationReference = DFB9D0C3715FBD0C34755389 /* Pods-AmpleTests.release.xcconfig */;
			buildSettings = {
				ALWAYS_EMBED_SWIFT_STANDARD_LIBRARIES = YES;
				BUNDLE_LOADER = "$(TEST_HOST)";
				INFOPLIST_FILE = AmpleTests/Info.plist;
				LD_RUNPATH_SEARCH_PATHS = "$(inherited) @executable_path/Frameworks @loader_path/Frameworks";
				PRODUCT_BUNDLE_IDENTIFIER = Sobodacious.AmpleTests;
				PRODUCT_NAME = "$(TARGET_NAME)";
				SWIFT_VERSION = 3.0;
				TEST_HOST = "$(BUILT_PRODUCTS_DIR)/Ample.app/Ample";
			};
			name = Release;
		};
/* End XCBuildConfiguration section */

/* Begin XCConfigurationList section */
		69D99D3E1EF081EE00A3BE0E /* Build configuration list for PBXProject "Ample" */ = {
			isa = XCConfigurationList;
			buildConfigurations = (
				69D99D601EF081EF00A3BE0E /* Debug */,
				69D99D611EF081EF00A3BE0E /* Release */,
			);
			defaultConfigurationIsVisible = 0;
			defaultConfigurationName = Release;
		};
		69D99D621EF081EF00A3BE0E /* Build configuration list for PBXNativeTarget "Ample" */ = {
			isa = XCConfigurationList;
			buildConfigurations = (
				69D99D631EF081EF00A3BE0E /* Debug */,
				69D99D641EF081EF00A3BE0E /* Release */,
			);
			defaultConfigurationIsVisible = 0;
			defaultConfigurationName = Release;
		};
		69D99D651EF081EF00A3BE0E /* Build configuration list for PBXNativeTarget "AmpleTests" */ = {
			isa = XCConfigurationList;
			buildConfigurations = (
				69D99D661EF081EF00A3BE0E /* Debug */,
				69D99D671EF081EF00A3BE0E /* Release */,
			);
			defaultConfigurationIsVisible = 0;
			defaultConfigurationName = Release;
		};
/* End XCConfigurationList section */
	};
	rootObject = 69D99D3B1EF081EE00A3BE0E /* Project object */;
}
